
Microsoft Visual Studio Solution File, Format Version 12.00
# Visual Studio 15
Project("{FAE04EC0-301F-11D3-BF4B-00C04F79EFBC}") = "Microsoft.MixedReality.Toolkit.SDK", "Microsoft.MixedReality.Toolkit.SDK.csproj", "{6EE81120-3459-656B-1736-BBB85711FE14}"
EndProject
Project("{FAE04EC0-301F-11D3-BF4B-00C04F79EFBC}") = "Microsoft.MixedReality.Toolkit.Providers.OpenVR", "Microsoft.MixedReality.Toolkit.Providers.OpenVR.csproj", "{D3511B3C-B599-998C-EF9F-E391234BDE57}"
EndProject
Project("{FAE04EC0-301F-11D3-BF4B-00C04F79EFBC}") = "Microsoft.MixedReality.Toolkit", "Microsoft.MixedReality.Toolkit.csproj", "{20D8DE99-FE28-DCFA-0C76-F57247AFEEA3}"
EndProject
Project("{FAE04EC0-301F-11D3-BF4B-00C04F79EFBC}") = "Microsoft.MixedReality.Toolkit.Services.SpatialAwarenessSystem", "Microsoft.MixedReality.Toolkit.Services.SpatialAwarenessSystem.csproj", "{DE1C213A-301D-DFC0-6A2B-B70BF9BBBB21}"
EndProject
Project("{FAE04EC0-301F-11D3-BF4B-00C04F79EFBC}") = "Microsoft.MixedReality.Toolkit.Gltf", "Microsoft.MixedReality.Toolkit.Gltf.csproj", "{4C665F8F-28D3-2A48-6830-66A8F6B5634F}"
EndProject
Project("{FAE04EC0-301F-11D3-BF4B-00C04F79EFBC}") = "Microsoft.MixedReality.Toolkit.Providers.XRSDK", "Microsoft.MixedReality.Toolkit.Providers.XRSDK.csproj", "{E4D9736F-DF4D-542C-C791-45317BA90E0B}"
EndProject
Project("{FAE04EC0-301F-11D3-BF4B-00C04F79EFBC}") = "Microsoft.MixedReality.Toolkit.Providers.XRSDK.Oculus", "Microsoft.MixedReality.Toolkit.Providers.XRSDK.Oculus.csproj", "{F606A71B-4D32-2B67-5E2E-126E01B88D7D}"
EndProject
Project("{FAE04EC0-301F-11D3-BF4B-00C04F79EFBC}") = "Microsoft.MixedReality.Toolkit.Services.SceneSystem", "Microsoft.MixedReality.Toolkit.Services.SceneSystem.csproj", "{ED86C5F7-3443-D1B1-A4AD-E35CBC34A936}"
EndProject
Project("{FAE04EC0-301F-11D3-BF4B-00C04F79EFBC}") = "Microsoft.MixedReality.Toolkit.Services.InputSystem", "Microsoft.MixedReality.Toolkit.Services.InputSystem.csproj", "{1DCF2F2F-A660-72A1-5D20-FC7877C4A891}"
EndProject
Project("{FAE04EC0-301F-11D3-BF4B-00C04F79EFBC}") = "Microsoft.MixedReality.Toolkit.Providers.UnityAR", "Microsoft.MixedReality.Toolkit.Providers.UnityAR.csproj", "{40AFD068-2004-D8B8-C7A3-462D94F056EC}"
EndProject
Project("{FAE04EC0-301F-11D3-BF4B-00C04F79EFBC}") = "Microsoft.MixedReality.Toolkit.Providers.LeapMotion", "Microsoft.MixedReality.Toolkit.Providers.LeapMotion.csproj", "{59D732F5-CDFC-A5A4-805F-DDF012B22D0D}"
EndProject
Project("{FAE04EC0-301F-11D3-BF4B-00C04F79EFBC}") = "Microsoft.MixedReality.Toolkit.Services.InputSimulation", "Microsoft.MixedReality.Toolkit.Services.InputSimulation.csproj", "{3FB11A40-77AE-656E-F8E8-0D0FAC8C795B}"
EndProject
Project("{FAE04EC0-301F-11D3-BF4B-00C04F79EFBC}") = "Microsoft.MixedReality.Toolkit.Providers.XRSDK.WindowsMixedReality", "Microsoft.MixedReality.Toolkit.Providers.XRSDK.WindowsMixedReality.csproj", "{CD0B576F-3CBB-7D15-E68F-65B2FEC10D1B}"
EndProject
Project("{FAE04EC0-301F-11D3-BF4B-00C04F79EFBC}") = "Assembly-CSharp", "Assembly-CSharp.csproj", "{8B84705E-2CF5-069E-1718-0CDFFDFBD025}"
EndProject
Project("{FAE04EC0-301F-11D3-BF4B-00C04F79EFBC}") = "Microsoft.MixedReality.Toolkit.Services.InputAnimation", "Microsoft.MixedReality.Toolkit.Services.InputAnimation.csproj", "{ED3DED9E-2C52-2E6C-C1EB-78F144F9C74E}"
EndProject
Project("{FAE04EC0-301F-11D3-BF4B-00C04F79EFBC}") = "Microsoft.MixedReality.Toolkit.Services.DiagnosticsSystem", "Microsoft.MixedReality.Toolkit.Services.DiagnosticsSystem.csproj", "{61CEE0D0-371D-A3A2-C897-D607D7DB425B}"
EndProject
Project("{FAE04EC0-301F-11D3-BF4B-00C04F79EFBC}") = "Microsoft.MixedReality.Toolkit.Async", "Microsoft.MixedReality.Toolkit.Async.csproj", "{32E028EC-748A-F95C-313A-01F0C9DA86C3}"
EndProject
Project("{FAE04EC0-301F-11D3-BF4B-00C04F79EFBC}") = "Microsoft.MixedReality.Toolkit.Providers.WindowsMixedReality", "Microsoft.MixedReality.Toolkit.Providers.WindowsMixedReality.csproj", "{AADAC737-4B32-A62C-40FD-2D6A7C62F9D7}"
EndProject
Project("{FAE04EC0-301F-11D3-BF4B-00C04F79EFBC}") = "Microsoft.MixedReality.Toolkit.Providers.WindowsMixedReality.Shared", "Microsoft.MixedReality.Toolkit.Providers.WindowsMixedReality.Shared.csproj", "{160F8B22-0B3B-78FB-C6DC-C5624E1C53C3}"
EndProject
Project("{FAE04EC0-301F-11D3-BF4B-00C04F79EFBC}") = "Microsoft.MixedReality.Toolkit.Providers.WindowsVoiceInput", "Microsoft.MixedReality.Toolkit.Providers.WindowsVoiceInput.csproj", "{3177DC67-7ADD-FDB2-2AED-F22F6C4641A2}"
EndProject
Project("{FAE04EC0-301F-11D3-BF4B-00C04F79EFBC}") = "Microsoft.MixedReality.Toolkit.Services.TeleportSystem", "Microsoft.MixedReality.Toolkit.Services.TeleportSystem.csproj", "{863DD9C1-6ACA-14F8-AFEB-EE4A7591274A}"
EndProject
Project("{FAE04EC0-301F-11D3-BF4B-00C04F79EFBC}") = "Microsoft.MixedReality.Toolkit.Services.CameraSystem", "Microsoft.MixedReality.Toolkit.Services.CameraSystem.csproj", "{B9F5C1D7-520E-89D2-C484-219FCDE52AB9}"
EndProject
Project("{FAE04EC0-301F-11D3-BF4B-00C04F79EFBC}") = "Microsoft.MixedReality.Toolkit.Services.BoundarySystem", "Microsoft.MixedReality.Toolkit.Services.BoundarySystem.csproj", "{A3C2F4A7-9EBB-BC20-E95A-615E40BF8482}"
EndProject
Project("{FAE04EC0-301F-11D3-BF4B-00C04F79EFBC}") = "Microsoft.MixedReality.Toolkit.SDK.Editor", "Microsoft.MixedReality.Toolkit.SDK.Editor.csproj", "{5033FB88-3CBF-EA56-004B-2729D5535CEB}"
EndProject
Project("{FAE04EC0-301F-11D3-BF4B-00C04F79EFBC}") = "Microsoft.MixedReality.Toolkit.Editor.Inspectors", "Microsoft.MixedReality.Toolkit.Editor.Inspectors.csproj", "{968BD2FD-0615-35FE-C0AB-B82C4ABF2FD9}"
EndProject
Project("{FAE04EC0-301F-11D3-BF4B-00C04F79EFBC}") = "Microsoft.MixedReality.Toolkit.Editor.ServiceInspectors", "Microsoft.MixedReality.Toolkit.Editor.ServiceInspectors.csproj", "{6EA3DC26-175A-9508-7D1B-93250E983B09}"
EndProject
Project("{FAE04EC0-301F-11D3-BF4B-00C04F79EFBC}") = "Microsoft.MixedReality.Toolkit.Gltf.Importers", "Microsoft.MixedReality.Toolkit.Gltf.Importers.csproj", "{F48D6E9D-44C8-E5B0-8BAF-A8ADC83E388D}"
EndProject
Project("{FAE04EC0-301F-11D3-BF4B-00C04F79EFBC}") = "Microsoft.MixedReality.Toolkit.Editor.Utilities", "Microsoft.MixedReality.Toolkit.Editor.Utilities.csproj", "{84B75194-A472-FBDE-E813-7CCDEF0D9820}"
EndProject
Project("{FAE04EC0-301F-11D3-BF4B-00C04F79EFBC}") = "Microsoft.MixedReality.Toolkit.Editor.BuildAndDeploy", "Microsoft.MixedReality.Toolkit.Editor.BuildAndDeploy.csproj", "{E3CD2CCD-CF79-98D3-EFFD-D15BA4F33662}"
EndProject
Project("{FAE04EC0-301F-11D3-BF4B-00C04F79EFBC}") = "Microsoft.MixedReality.Toolkit.Providers.ObjectMeshObserver", "Microsoft.MixedReality.Toolkit.Providers.ObjectMeshObserver.csproj", "{518FBD2C-BBFE-D1A9-62AB-75631F0B386A}"
EndProject
Project("{FAE04EC0-301F-11D3-BF4B-00C04F79EFBC}") = "Microsoft.MixedReality.Toolkit.Editor.ClassExtensions", "Microsoft.MixedReality.Toolkit.Editor.ClassExtensions.csproj", "{973D59D7-21DC-EB16-6E29-1B3F352AD70F}"
EndProject
Project("{FAE04EC0-301F-11D3-BF4B-00C04F79EFBC}") = "Microsoft.MixedReality.Toolkit.Providers.WindowsMixedReality.Editor", "Microsoft.MixedReality.Toolkit.Providers.WindowsMixedReality.Editor.csproj", "{BE0D6837-A69D-E351-8A05-5A62F8AE2672}"
EndProject
Project("{FAE04EC0-301F-11D3-BF4B-00C04F79EFBC}") = "Microsoft.MixedReality.Toolkit.StandardAssets.Editor", "Microsoft.MixedReality.Toolkit.StandardAssets.Editor.csproj", "{E593AD1C-5EEF-B4CD-FA96-CA896174F63A}"
EndProject
Project("{FAE04EC0-301F-11D3-BF4B-00C04F79EFBC}") = "Microsoft.MixedReality.Toolkit.Providers.UnityAR.Editor", "Microsoft.MixedReality.Toolkit.Providers.UnityAR.Editor.csproj", "{E126A589-FE6E-AC78-F9CE-A413EF949617}"
EndProject
Project("{FAE04EC0-301F-11D3-BF4B-00C04F79EFBC}") = "Microsoft.MixedReality.Toolkit.Services.InputSimulation.Editor", "Microsoft.MixedReality.Toolkit.Services.InputSimulation.Editor.csproj", "{4184268B-5B4A-9EE0-1076-9BBB18461303}"
EndProject
Project("{FAE04EC0-301F-11D3-BF4B-00C04F79EFBC}") = "Microsoft.MixedReality.Toolkit.Providers.LeapMotion.Editor", "Microsoft.MixedReality.Toolkit.Providers.LeapMotion.Editor.csproj", "{1453F68C-6685-99B2-DB84-028A9D215EC8}"
EndProject
Project("{FAE04EC0-301F-11D3-BF4B-00C04F79EFBC}") = "Microsoft.MixedReality.Toolkit.Services.InputSystem.Editor", "Microsoft.MixedReality.Toolkit.Services.InputSystem.Editor.csproj", "{9FB935F8-A5A7-109C-9989-3B2A76871BBA}"
EndProject
Project("{FAE04EC0-301F-11D3-BF4B-00C04F79EFBC}") = "Microsoft.MixedReality.Toolkit.Providers.XRSDK.Oculus.Handtracking.Editor", "Microsoft.MixedReality.Toolkit.Providers.XRSDK.Oculus.Handtracking.Editor.csproj", "{BD83EA5B-8022-DCDD-BE50-C8C2A3E8513C}"
EndProject
Project("{FAE04EC0-301F-11D3-BF4B-00C04F79EFBC}") = "Assembly-CSharp-Editor", "Assembly-CSharp-Editor.csproj", "{5D505789-6178-1BB6-C919-D6B3F966BFAA}"
EndProject
Project("{FAE04EC0-301F-11D3-BF4B-00C04F79EFBC}") = "Microsoft.MixedReality.Toolkit.SDK.Experimental.Editor", "Microsoft.MixedReality.Toolkit.SDK.Experimental.Editor.csproj", "{0CA58A90-8548-98B6-A82C-B8BC1EE266F0}"
EndProject
Global
	GlobalSection(SolutionConfigurationPlatforms) = preSolution
		Debug|Any CPU = Debug|Any CPU
		Release|Any CPU = Release|Any CPU
	EndGlobalSection
	GlobalSection(ProjectConfigurationPlatforms) = postSolution
		{6EE81120-3459-656B-1736-BBB85711FE14}.Debug|Any CPU.ActiveCfg = Debug|Any CPU
		{6EE81120-3459-656B-1736-BBB85711FE14}.Debug|Any CPU.Build.0 = Debug|Any CPU
		{6EE81120-3459-656B-1736-BBB85711FE14}.Release|Any CPU.ActiveCfg = Release|Any CPU
		{6EE81120-3459-656B-1736-BBB85711FE14}.Release|Any CPU.Build.0 = Release|Any CPU
		{D3511B3C-B599-998C-EF9F-E391234BDE57}.Debug|Any CPU.ActiveCfg = Debug|Any CPU
		{D3511B3C-B599-998C-EF9F-E391234BDE57}.Debug|Any CPU.Build.0 = Debug|Any CPU
		{D3511B3C-B599-998C-EF9F-E391234BDE57}.Release|Any CPU.ActiveCfg = Release|Any CPU
		{D3511B3C-B599-998C-EF9F-E391234BDE57}.Release|Any CPU.Build.0 = Release|Any CPU
		{20D8DE99-FE28-DCFA-0C76-F57247AFEEA3}.Debug|Any CPU.ActiveCfg = Debug|Any CPU
		{20D8DE99-FE28-DCFA-0C76-F57247AFEEA3}.Debug|Any CPU.Build.0 = Debug|Any CPU
		{20D8DE99-FE28-DCFA-0C76-F57247AFEEA3}.Release|Any CPU.ActiveCfg = Release|Any CPU
		{20D8DE99-FE28-DCFA-0C76-F57247AFEEA3}.Release|Any CPU.Build.0 = Release|Any CPU
		{DE1C213A-301D-DFC0-6A2B-B70BF9BBBB21}.Debug|Any CPU.ActiveCfg = Debug|Any CPU
		{DE1C213A-301D-DFC0-6A2B-B70BF9BBBB21}.Debug|Any CPU.Build.0 = Debug|Any CPU
		{DE1C213A-301D-DFC0-6A2B-B70BF9BBBB21}.Release|Any CPU.ActiveCfg = Release|Any CPU
		{DE1C213A-301D-DFC0-6A2B-B70BF9BBBB21}.Release|Any CPU.Build.0 = Release|Any CPU
		{4C665F8F-28D3-2A48-6830-66A8F6B5634F}.Debug|Any CPU.ActiveCfg = Debug|Any CPU
		{4C665F8F-28D3-2A48-6830-66A8F6B5634F}.Debug|Any CPU.Build.0 = Debug|Any CPU
		{4C665F8F-28D3-2A48-6830-66A8F6B5634F}.Release|Any CPU.ActiveCfg = Release|Any CPU
		{4C665F8F-28D3-2A48-6830-66A8F6B5634F}.Release|Any CPU.Build.0 = Release|Any CPU
		{E4D9736F-DF4D-542C-C791-45317BA90E0B}.Debug|Any CPU.ActiveCfg = Debug|Any CPU
		{E4D9736F-DF4D-542C-C791-45317BA90E0B}.Debug|Any CPU.Build.0 = Debug|Any CPU
		{E4D9736F-DF4D-542C-C791-45317BA90E0B}.Release|Any CPU.ActiveCfg = Release|Any CPU
		{E4D9736F-DF4D-542C-C791-45317BA90E0B}.Release|Any CPU.Build.0 = Release|Any CPU
		{F606A71B-4D32-2B67-5E2E-126E01B88D7D}.Debug|Any CPU.ActiveCfg = Debug|Any CPU
		{F606A71B-4D32-2B67-5E2E-126E01B88D7D}.Debug|Any CPU.Build.0 = Debug|Any CPU
		{F606A71B-4D32-2B67-5E2E-126E01B88D7D}.Release|Any CPU.ActiveCfg = Release|Any CPU
		{F606A71B-4D32-2B67-5E2E-126E01B88D7D}.Release|Any CPU.Build.0 = Release|Any CPU
		{ED86C5F7-3443-D1B1-A4AD-E35CBC34A936}.Debug|Any CPU.ActiveCfg = Debug|Any CPU
		{ED86C5F7-3443-D1B1-A4AD-E35CBC34A936}.Debug|Any CPU.Build.0 = Debug|Any CPU
		{ED86C5F7-3443-D1B1-A4AD-E35CBC34A936}.Release|Any CPU.ActiveCfg = Release|Any CPU
		{ED86C5F7-3443-D1B1-A4AD-E35CBC34A936}.Release|Any CPU.Build.0 = Release|Any CPU
		{1DCF2F2F-A660-72A1-5D20-FC7877C4A891}.Debug|Any CPU.ActiveCfg = Debug|Any CPU
		{1DCF2F2F-A660-72A1-5D20-FC7877C4A891}.Debug|Any CPU.Build.0 = Debug|Any CPU
		{1DCF2F2F-A660-72A1-5D20-FC7877C4A891}.Release|Any CPU.ActiveCfg = Release|Any CPU
		{1DCF2F2F-A660-72A1-5D20-FC7877C4A891}.Release|Any CPU.Build.0 = Release|Any CPU
		{40AFD068-2004-D8B8-C7A3-462D94F056EC}.Debug|Any CPU.ActiveCfg = Debug|Any CPU
		{40AFD068-2004-D8B8-C7A3-462D94F056EC}.Debug|Any CPU.Build.0 = Debug|Any CPU
		{40AFD068-2004-D8B8-C7A3-462D94F056EC}.Release|Any CPU.ActiveCfg = Release|Any CPU
		{40AFD068-2004-D8B8-C7A3-462D94F056EC}.Release|Any CPU.Build.0 = Release|Any CPU
		{59D732F5-CDFC-A5A4-805F-DDF012B22D0D}.Debug|Any CPU.ActiveCfg = Debug|Any CPU
		{59D732F5-CDFC-A5A4-805F-DDF012B22D0D}.Debug|Any CPU.Build.0 = Debug|Any CPU
		{59D732F5-CDFC-A5A4-805F-DDF012B22D0D}.Release|Any CPU.ActiveCfg = Release|Any CPU
		{59D732F5-CDFC-A5A4-805F-DDF012B22D0D}.Release|Any CPU.Build.0 = Release|Any CPU
		{3FB11A40-77AE-656E-F8E8-0D0FAC8C795B}.Debug|Any CPU.ActiveCfg = Debug|Any CPU
		{3FB11A40-77AE-656E-F8E8-0D0FAC8C795B}.Debug|Any CPU.Build.0 = Debug|Any CPU
		{3FB11A40-77AE-656E-F8E8-0D0FAC8C795B}.Release|Any CPU.ActiveCfg = Release|Any CPU
		{3FB11A40-77AE-656E-F8E8-0D0FAC8C795B}.Release|Any CPU.Build.0 = Release|Any CPU
		{CD0B576F-3CBB-7D15-E68F-65B2FEC10D1B}.Debug|Any CPU.ActiveCfg = Debug|Any CPU
		{CD0B576F-3CBB-7D15-E68F-65B2FEC10D1B}.Debug|Any CPU.Build.0 = Debug|Any CPU
		{CD0B576F-3CBB-7D15-E68F-65B2FEC10D1B}.Release|Any CPU.ActiveCfg = Release|Any CPU
		{CD0B576F-3CBB-7D15-E68F-65B2FEC10D1B}.Release|Any CPU.Build.0 = Release|Any CPU
		{8B84705E-2CF5-069E-1718-0CDFFDFBD025}.Debug|Any CPU.ActiveCfg = Debug|Any CPU
		{8B84705E-2CF5-069E-1718-0CDFFDFBD025}.Debug|Any CPU.Build.0 = Debug|Any CPU
		{8B84705E-2CF5-069E-1718-0CDFFDFBD025}.Release|Any CPU.ActiveCfg = Release|Any CPU
		{8B84705E-2CF5-069E-1718-0CDFFDFBD025}.Release|Any CPU.Build.0 = Release|Any CPU
		{ED3DED9E-2C52-2E6C-C1EB-78F144F9C74E}.Debug|Any CPU.ActiveCfg = Debug|Any CPU
		{ED3DED9E-2C52-2E6C-C1EB-78F144F9C74E}.Debug|Any CPU.Build.0 = Debug|Any CPU
		{ED3DED9E-2C52-2E6C-C1EB-78F144F9C74E}.Release|Any CPU.ActiveCfg = Release|Any CPU
		{ED3DED9E-2C52-2E6C-C1EB-78F144F9C74E}.Release|Any CPU.Build.0 = Release|Any CPU
		{61CEE0D0-371D-A3A2-C897-D607D7DB425B}.Debug|Any CPU.ActiveCfg = Debug|Any CPU
		{61CEE0D0-371D-A3A2-C897-D607D7DB425B}.Debug|Any CPU.Build.0 = Debug|Any CPU
		{61CEE0D0-371D-A3A2-C897-D607D7DB425B}.Release|Any CPU.ActiveCfg = Release|Any CPU
		{61CEE0D0-371D-A3A2-C897-D607D7DB425B}.Release|Any CPU.Build.0 = Release|Any CPU
		{32E028EC-748A-F95C-313A-01F0C9DA86C3}.Debug|Any CPU.ActiveCfg = Debug|Any CPU
		{32E028EC-748A-F95C-313A-01F0C9DA86C3}.Debug|Any CPU.Build.0 = Debug|Any CPU
		{32E028EC-748A-F95C-313A-01F0C9DA86C3}.Release|Any CPU.ActiveCfg = Release|Any CPU
		{32E028EC-748A-F95C-313A-01F0C9DA86C3}.Release|Any CPU.Build.0 = Release|Any CPU
		{AADAC737-4B32-A62C-40FD-2D6A7C62F9D7}.Debug|Any CPU.ActiveCfg = Debug|Any CPU
		{AADAC737-4B32-A62C-40FD-2D6A7C62F9D7}.Debug|Any CPU.Build.0 = Debug|Any CPU
		{AADAC737-4B32-A62C-40FD-2D6A7C62F9D7}.Release|Any CPU.ActiveCfg = Release|Any CPU
		{AADAC737-4B32-A62C-40FD-2D6A7C62F9D7}.Release|Any CPU.Build.0 = Release|Any CPU
		{160F8B22-0B3B-78FB-C6DC-C5624E1C53C3}.Debug|Any CPU.ActiveCfg = Debug|Any CPU
		{160F8B22-0B3B-78FB-C6DC-C5624E1C53C3}.Debug|Any CPU.Build.0 = Debug|Any CPU
		{160F8B22-0B3B-78FB-C6DC-C5624E1C53C3}.Release|Any CPU.ActiveCfg = Release|Any CPU
		{160F8B22-0B3B-78FB-C6DC-C5624E1C53C3}.Release|Any CPU.Build.0 = Release|Any CPU
		{3177DC67-7ADD-FDB2-2AED-F22F6C4641A2}.Debug|Any CPU.ActiveCfg = Debug|Any CPU
		{3177DC67-7ADD-FDB2-2AED-F22F6C4641A2}.Debug|Any CPU.Build.0 = Debug|Any CPU
		{3177DC67-7ADD-FDB2-2AED-F22F6C4641A2}.Release|Any CPU.ActiveCfg = Release|Any CPU
		{3177DC67-7ADD-FDB2-2AED-F22F6C4641A2}.Release|Any CPU.Build.0 = Release|Any CPU
		{863DD9C1-6ACA-14F8-AFEB-EE4A7591274A}.Debug|Any CPU.ActiveCfg = Debug|Any CPU
		{863DD9C1-6ACA-14F8-AFEB-EE4A7591274A}.Debug|Any CPU.Build.0 = Debug|Any CPU
		{863DD9C1-6ACA-14F8-AFEB-EE4A7591274A}.Release|Any CPU.ActiveCfg = Release|Any CPU
		{863DD9C1-6ACA-14F8-AFEB-EE4A7591274A}.Release|Any CPU.Build.0 = Release|Any CPU
		{B9F5C1D7-520E-89D2-C484-219FCDE52AB9}.Debug|Any CPU.ActiveCfg = Debug|Any CPU
		{B9F5C1D7-520E-89D2-C484-219FCDE52AB9}.Debug|Any CPU.Build.0 = Debug|Any CPU
		{B9F5C1D7-520E-89D2-C484-219FCDE52AB9}.Release|Any CPU.ActiveCfg = Release|Any CPU
		{B9F5C1D7-520E-89D2-C484-219FCDE52AB9}.Release|Any CPU.Build.0 = Release|Any CPU
		{A3C2F4A7-9EBB-BC20-E95A-615E40BF8482}.Debug|Any CPU.ActiveCfg = Debug|Any CPU
		{A3C2F4A7-9EBB-BC20-E95A-615E40BF8482}.Debug|Any CPU.Build.0 = Debug|Any CPU
		{A3C2F4A7-9EBB-BC20-E95A-615E40BF8482}.Release|Any CPU.ActiveCfg = Release|Any CPU
		{A3C2F4A7-9EBB-BC20-E95A-615E40BF8482}.Release|Any CPU.Build.0 = Release|Any CPU
		{5033FB88-3CBF-EA56-004B-2729D5535CEB}.Debug|Any CPU.ActiveCfg = Debug|Any CPU
		{5033FB88-3CBF-EA56-004B-2729D5535CEB}.Debug|Any CPU.Build.0 = Debug|Any CPU
		{5033FB88-3CBF-EA56-004B-2729D5535CEB}.Release|Any CPU.ActiveCfg = Release|Any CPU
		{5033FB88-3CBF-EA56-004B-2729D5535CEB}.Release|Any CPU.Build.0 = Release|Any CPU
		{968BD2FD-0615-35FE-C0AB-B82C4ABF2FD9}.Debug|Any CPU.ActiveCfg = Debug|Any CPU
		{968BD2FD-0615-35FE-C0AB-B82C4ABF2FD9}.Debug|Any CPU.Build.0 = Debug|Any CPU
		{968BD2FD-0615-35FE-C0AB-B82C4ABF2FD9}.Release|Any CPU.ActiveCfg = Release|Any CPU
		{968BD2FD-0615-35FE-C0AB-B82C4ABF2FD9}.Release|Any CPU.Build.0 = Release|Any CPU
		{6EA3DC26-175A-9508-7D1B-93250E983B09}.Debug|Any CPU.ActiveCfg = Debug|Any CPU
		{6EA3DC26-175A-9508-7D1B-93250E983B09}.Debug|Any CPU.Build.0 = Debug|Any CPU
		{6EA3DC26-175A-9508-7D1B-93250E983B09}.Release|Any CPU.ActiveCfg = Release|Any CPU
		{6EA3DC26-175A-9508-7D1B-93250E983B09}.Release|Any CPU.Build.0 = Release|Any CPU
		{F48D6E9D-44C8-E5B0-8BAF-A8ADC83E388D}.Debug|Any CPU.ActiveCfg = Debug|Any CPU
		{F48D6E9D-44C8-E5B0-8BAF-A8ADC83E388D}.Debug|Any CPU.Build.0 = Debug|Any CPU
		{F48D6E9D-44C8-E5B0-8BAF-A8ADC83E388D}.Release|Any CPU.ActiveCfg = Release|Any CPU
		{F48D6E9D-44C8-E5B0-8BAF-A8ADC83E388D}.Release|Any CPU.Build.0 = Release|Any CPU
		{84B75194-A472-FBDE-E813-7CCDEF0D9820}.Debug|Any CPU.ActiveCfg = Debug|Any CPU
		{84B75194-A472-FBDE-E813-7CCDEF0D9820}.Debug|Any CPU.Build.0 = Debug|Any CPU
		{84B75194-A472-FBDE-E813-7CCDEF0D9820}.Release|Any CPU.ActiveCfg = Release|Any CPU
		{84B75194-A472-FBDE-E813-7CCDEF0D9820}.Release|Any CPU.Build.0 = Release|Any CPU
		{E3CD2CCD-CF79-98D3-EFFD-D15BA4F33662}.Debug|Any CPU.ActiveCfg = Debug|Any CPU
		{E3CD2CCD-CF79-98D3-EFFD-D15BA4F33662}.Debug|Any CPU.Build.0 = Debug|Any CPU
		{E3CD2CCD-CF79-98D3-EFFD-D15BA4F33662}.Release|Any CPU.ActiveCfg = Release|Any CPU
		{E3CD2CCD-CF79-98D3-EFFD-D15BA4F33662}.Release|Any CPU.Build.0 = Release|Any CPU
		{518FBD2C-BBFE-D1A9-62AB-75631F0B386A}.Debug|Any CPU.ActiveCfg = Debug|Any CPU
		{518FBD2C-BBFE-D1A9-62AB-75631F0B386A}.Debug|Any CPU.Build.0 = Debug|Any CPU
		{518FBD2C-BBFE-D1A9-62AB-75631F0B386A}.Release|Any CPU.ActiveCfg = Release|Any CPU
		{518FBD2C-BBFE-D1A9-62AB-75631F0B386A}.Release|Any CPU.Build.0 = Release|Any CPU
		{973D59D7-21DC-EB16-6E29-1B3F352AD70F}.Debug|Any CPU.ActiveCfg = Debug|Any CPU
		{973D59D7-21DC-EB16-6E29-1B3F352AD70F}.Debug|Any CPU.Build.0 = Debug|Any CPU
		{973D59D7-21DC-EB16-6E29-1B3F352AD70F}.Release|Any CPU.ActiveCfg = Release|Any CPU
		{973D59D7-21DC-EB16-6E29-1B3F352AD70F}.Release|Any CPU.Build.0 = Release|Any CPU
		{BE0D6837-A69D-E351-8A05-5A62F8AE2672}.Debug|Any CPU.ActiveCfg = Debug|Any CPU
		{BE0D6837-A69D-E351-8A05-5A62F8AE2672}.Debug|Any CPU.Build.0 = Debug|Any CPU
		{BE0D6837-A69D-E351-8A05-5A62F8AE2672}.Release|Any CPU.ActiveCfg = Release|Any CPU
		{BE0D6837-A69D-E351-8A05-5A62F8AE2672}.Release|Any CPU.Build.0 = Release|Any CPU
		{E593AD1C-5EEF-B4CD-FA96-CA896174F63A}.Debug|Any CPU.ActiveCfg = Debug|Any CPU
		{E593AD1C-5EEF-B4CD-FA96-CA896174F63A}.Debug|Any CPU.Build.0 = Debug|Any CPU
		{E593AD1C-5EEF-B4CD-FA96-CA896174F63A}.Release|Any CPU.ActiveCfg = Release|Any CPU
		{E593AD1C-5EEF-B4CD-FA96-CA896174F63A}.Release|Any CPU.Build.0 = Release|Any CPU
		{E126A589-FE6E-AC78-F9CE-A413EF949617}.Debug|Any CPU.ActiveCfg = Debug|Any CPU
		{E126A589-FE6E-AC78-F9CE-A413EF949617}.Debug|Any CPU.Build.0 = Debug|Any CPU
		{E126A589-FE6E-AC78-F9CE-A413EF949617}.Release|Any CPU.ActiveCfg = Release|Any CPU
		{E126A589-FE6E-AC78-F9CE-A413EF949617}.Release|Any CPU.Build.0 = Release|Any CPU
		{4184268B-5B4A-9EE0-1076-9BBB18461303}.Debug|Any CPU.ActiveCfg = Debug|Any CPU
		{4184268B-5B4A-9EE0-1076-9BBB18461303}.Debug|Any CPU.Build.0 = Debug|Any CPU
		{4184268B-5B4A-9EE0-1076-9BBB18461303}.Release|Any CPU.ActiveCfg = Release|Any CPU
		{4184268B-5B4A-9EE0-1076-9BBB18461303}.Release|Any CPU.Build.0 = Release|Any CPU
		{1453F68C-6685-99B2-DB84-028A9D215EC8}.Debug|Any CPU.ActiveCfg = Debug|Any CPU
		{1453F68C-6685-99B2-DB84-028A9D215EC8}.Debug|Any CPU.Build.0 = Debug|Any CPU
		{1453F68C-6685-99B2-DB84-028A9D215EC8}.Release|Any CPU.ActiveCfg = Release|Any CPU
		{1453F68C-6685-99B2-DB84-028A9D215EC8}.Release|Any CPU.Build.0 = Release|Any CPU
		{9FB935F8-A5A7-109C-9989-3B2A76871BBA}.Debug|Any CPU.ActiveCfg = Debug|Any CPU
		{9FB935F8-A5A7-109C-9989-3B2A76871BBA}.Debug|Any CPU.Build.0 = Debug|Any CPU
		{9FB935F8-A5A7-109C-9989-3B2A76871BBA}.Release|Any CPU.ActiveCfg = Release|Any CPU
		{9FB935F8-A5A7-109C-9989-3B2A76871BBA}.Release|Any CPU.Build.0 = Release|Any CPU
		{BD83EA5B-8022-DCDD-BE50-C8C2A3E8513C}.Debug|Any CPU.ActiveCfg = Debug|Any CPU
		{BD83EA5B-8022-DCDD-BE50-C8C2A3E8513C}.Debug|Any CPU.Build.0 = Debug|Any CPU
		{BD83EA5B-8022-DCDD-BE50-C8C2A3E8513C}.Release|Any CPU.ActiveCfg = Release|Any CPU
		{BD83EA5B-8022-DCDD-BE50-C8C2A3E8513C}.Release|Any CPU.Build.0 = Release|Any CPU
		{5D505789-6178-1BB6-C919-D6B3F966BFAA}.Debug|Any CPU.ActiveCfg = Debug|Any CPU
		{5D505789-6178-1BB6-C919-D6B3F966BFAA}.Debug|Any CPU.Build.0 = Debug|Any CPU
		{5D505789-6178-1BB6-C919-D6B3F966BFAA}.Release|Any CPU.ActiveCfg = Release|Any CPU
		{5D505789-6178-1BB6-C919-D6B3F966BFAA}.Release|Any CPU.Build.0 = Release|Any CPU
		{0CA58A90-8548-98B6-A82C-B8BC1EE266F0}.Debug|Any CPU.ActiveCfg = Debug|Any CPU
		{0CA58A90-8548-98B6-A82C-B8BC1EE266F0}.Debug|Any CPU.Build.0 = Debug|Any CPU
		{0CA58A90-8548-98B6-A82C-B8BC1EE266F0}.Release|Any CPU.ActiveCfg = Release|Any CPU
		{0CA58A90-8548-98B6-A82C-B8BC1EE266F0}.Release|Any CPU.Build.0 = Release|Any CPU
	EndGlobalSection
	GlobalSection(SolutionProperties) = preSolution
		HideSolutionNode = FALSE
	EndGlobalSection
EndGlobal
